
Microsoft Visual Studio Solution File, Format Version 12.00
# Visual Studio Version 16
VisualStudioVersion = 16.0.28922.388
MinimumVisualStudioVersion = 10.0.40219.1
Project("{FAE04EC0-301F-11D3-BF4B-00C04F79EFBC}") = "DevMaker.WF", "DevMaker.WF\DevMaker.WF.csproj", "{201B226C-CDDB-47DB-B14C-952CBC9EA71A}"
EndProject
Global
	GlobalSection(SolutionConfigurationPlatforms) = preSolution
		Debug|Any CPU = Debug|Any CPU
		Release|Any CPU = Release|Any CPU
	EndGlobalSection
	GlobalSection(ProjectConfigurationPlatforms) = postSolution
		{201B226C-CDDB-47DB-B14C-952CBC9EA71A}.Debug|Any CPU.ActiveCfg = Debug|Any CPU
		{201B226C-CDDB-47DB-B14C-952CBC9EA71A}.Debug|Any CPU.Build.0 = Debug|Any CPU
		{201B226C-CDDB-47DB-B14C-952CBC9EA71A}.Release|Any CPU.ActiveCfg = Release|Any CPU
		{201B226C-CDDB-47DB-B14C-952CBC9EA71A}.Release|Any CPU.Build.0 = Release|Any CPU
	EndGlobalSection
	GlobalSection(SolutionProperties) = preSolution
		HideSolutionNode = FALSE
	EndGlobalSection
	GlobalSection(ExtensibilityGlobals) = postSolution
		SolutionGuid = {7110E24B-4037-4BD8-8FF3-9B40898C735B}
	EndGlobalSection
EndGlobal
